version = 1
revision = 3
requires-python = ">=3.10"

[[package]]
name = "h11"
version = "0.16.0"
source = { registry = "https://pypi.org/simple" }
sdist = { url = "https://files.pythonhosted.org/packages/01/ee/02a2c011bdab74c6fb3c75474d40b3052059d95df7e73351460c8588d963/h11-0.16.0.tar.gz", hash = "sha256:4e35b956cf45792e4caa5885e69fba00bdbc6ffafbfa020300e549b208ee5ff1", size = 101250, upload-time = "2025-04-24T03:35:25.427Z" }
wheels = [
    { url = "https://files.pythonhosted.org/packages/04/4b/29cac41a4d98d144bf5f6d33995617b185d14b22401f75ca86f384e87ff1/h11-0.16.0-py3-none-any.whl", hash = "sha256:63cf8bbe7522de3bf65932fda1d9c2772064ffb3dae62d55932da54b31cb6c86", size = 37515, upload-time = "2025-04-24T03:35:24.344Z" },
]

[[package]]
name = "h2"
version = "4.3.0"
source = { registry = "https://pypi.org/simple" }
dependencies = [
    { name = "hpack" },
    { name = "hyperframe" },
]
sdist = { url = "https://files.pythonhosted.org/packages/1d/17/afa56379f94ad0fe8defd37d6eb3f89a25404ffc71d4d848893d270325fc/h2-4.3.0.tar.gz", hash = "sha256:6c59efe4323fa18b47a632221a1888bd7fde6249819beda254aeca909f221bf1", size = 2152026, upload-time = "2025-08-23T18:12:19.778Z" }
wheels = [
    { url = "https://files.pythonhosted.org/packages/69/b2/119f6e6dcbd96f9069ce9a2665e0146588dc9f88f29549711853645e736a/h2-4.3.0-py3-none-any.whl", hash = "sha256:c438f029a25f7945c69e0ccf0fb951dc3f73a5f6412981daee861431b70e2bdd", size = 61779, upload-time = "2025-08-23T18:12:17.779Z" },
]

[[package]]
name = "hpack"
version = "4.1.0"
source = { registry = "https://pypi.org/simple" }
sdist = { url = "https://files.pythonhosted.org/packages/2c/48/71de9ed269fdae9c8057e5a4c0aa7402e8bb16f2c6e90b3aa53327b113f8/hpack-4.1.0.tar.gz", hash = "sha256:ec5eca154f7056aa06f196a557655c5b009b382873ac8d1e66e79e87535f1dca", size = 51276, upload-time = "2025-01-22T21:44:58.347Z" }
wheels = [
    { url = "https://files.pythonhosted.org/packages/07/c6/80c95b1b2b94682a72cbdbfb85b81ae2daffa4291fbfa1b1464502ede10d/hpack-4.1.0-py3-none-any.whl", hash = "sha256:157ac792668d995c657d93111f46b4535ed114f0c9c8d672271bbec7eae1b496", size = 34357, upload-time = "2025-01-22T21:44:56.92Z" },
]

[[package]]
name = "hyperframe"
version = "6.1.0"
source = { registry = "https://pypi.org/simple" }
sdist = { url = "https://files.pythonhosted.org/packages/02/e7/94f8232d4a74cc99514c13a9f995811485a6903d48e5d952771ef6322e30/hyperframe-6.1.0.tar.gz", hash = "sha256:f630908a00854a7adeabd6382b43923a4c4cd4b821fcb527e6ab9e15382a3b08", size = 26566, upload-time = "2025-01-22T21:41:49.302Z" }
wheels = [
    { url = "https://files.pythonhosted.org/packages/48/30/47d0bf6072f7252e6521f3447ccfa40b421b6824517f82854703d0f5a98b/hyperframe-6.1.0-py3-none-any.whl", hash = "sha256:b03380493a519fce58ea5af42e4a42317bf9bd425596f7a0835ffce80f1a42e5", size = 13007, upload-time = "2025-01-22T21:41:47.295Z" },
]

[[package]]
name = "nercone-momiji"
version = "0.1.0"
source = { editable = "." }
dependencies = [
    { name = "h11" },
    { name = "h2" },
    { name = "qh3" },
    { name = "uvloop" },
]

[package.metadata]
requires-dist = [
    { name = "h11" },
    { name = "h2" },
    { name = "qh3" },
    { name = "uvloop" },
]

[[package]]
name = "qh3"
version = "1.9.2"
source = { registry = "https://pypi.org/simple" }
sdist = { url = "https://files.pythonhosted.org/packages/63/4c/caae9fe409e81ebd495e9b2bf1b3121e8bb644898a5e30248acb7e9838cf/qh3-1.9.2.tar.gz", hash = "sha256:c6c92f63c2ec292256b5a5ed9345c42344bdaca2e55ec795623987a563aea19c", size = 344428, upload-time = "2026-06-05T06:42:46.055Z" }
wheels = [
    { url = "https://files.pythonhosted.org/packages/1b/9f/757ad02a8fc67c6ab3faa94568917307682382dcad15778da5b56dae5fef/qh3-1.9.2-cp313-cp313t-macosx_10_12_x86_64.macosx_11_0_arm64.macosx_10_12_universal2.whl", hash = "sha256:a39bf34814f317863d0e84750faf5533d699bd88387d4b2882d2f15a1f61f567", size = 4421315, upload-time = "2026-06-05T06:38:41.436Z" },
    { url = "https://files.pythonhosted.org/packages/2c/25/87b7e25af993bfafec1b426bffb27bc648f8e9398ab372bf4e8bd74078e2/qh3-1.9.2-cp313-cp313t-manylinux_2_17_aarch64.manylinux2014_aarch64.whl", hash = "sha256:408605146ffc03247bef22ff02fcca5115f01e995921760a23264b1077fbde94", size = 2160859, upload-time = "2026-06-05T06:38:44.215Z" },
    { url = "https://files.pythonhosted.org/packages/14/1e/1eaaf4388c0efc416f444bd7fa9f2be86315a1a2ca6b1a74db4154fbd1d4/qh3-1.9.2-cp313-cp313t-manylinux_2_17_armv7l.manylinux2014_armv7l.whl", hash = "sha256:5d87f2ade2e60f6d7dc6deb6600feacf92b29c838ee3dd2d0e03a4b34f631d83", size = 1857395, upload-time = "2026-06-05T06:38:45.896Z" },
    { url = "https://files.pythonhosted.org/packages/95/2a/49d8d3e5cef443a11670bae7b66ad1710d1520b1b7378aee7e5d190e819d/qh3-1.9.2-cp313-cp313t-manylinux_2_17_i686.manylinux2014_i686.whl", hash = "sha256:f9169c78e3d1924ff376585644938c9679ec28974a95e71e915c8c847a3fb250", size = 2036215, upload-time = "2026-06-05T06:38:47.809Z" },
    { url = "https://files.pythonhosted.org/packages/fd/5e/ed0586992b06055520e4661035d9bd0314804936927e1608fb923862b20d/qh3-1.9.2-cp313-cp313t-manylinux_2_17_ppc64.manylinux2014_ppc64.whl", hash = "sha256:abbc765baa7467f4a67decebe63669675cd1d56f22379ebeb4b0d9e9d8a63169", size = 2027902, upload-time = "2026-06-05T06:38:49.541Z" },
    { url = "https://files.pythonhosted.org/packages/2b/41/3985e1a1d023db3bfcd35920e3f182678388446ef2c382371aa3177a4ae3/qh3-1.9.2-cp313-cp313t-manylinux_2_17_ppc64le.manylinux2014_ppc64le.whl", hash = "sha256:7dfc05381d157c82d9b564ce278cf860acc9a0444933b1d0f5000d6497a7dea2", size = 2031368, upload-time = "2026-06-05T06:38:51.243Z" },
    { url = "https://files.pythonhosted.org/packages/4a/35/9deedcb305d12172e95924405d9263ee5fab482b880d569ea6be9ca72517/qh3-1.9.2-cp313-cp313t-manylinux_2_17_s390x.manylinux2014_s390x.whl", hash = "sha256:3405db5eedcae8ffc8e69baf5584e9a2e0cf40a477b171627e9e932fdbf71be5", size = 2085144, upload-time = "2026-06-05T06:38:52.97Z" },
    { url = "https://files.pythonhosted.org/packages/80/e5/3513ae6f452b939c1a00d24726f85fc83d31dec176d046a09c8886b8b72d/qh3-1.9.2-cp313-cp313t-manylinux_2_17_x86_64.manylinux2014_x86_64.whl", hash = "sha256:585f7a44e69ed108bac674ac95f93c2a8c36358c712c8fd05c4276042f80f9b2", size = 2358308, upload-time = "2026-06-05T06:38:54.819Z" },
    { url = "https://files.pythonhosted.org/packages/c1/78/0a501d5c0992847a70f856ec6ace8cbbcabe690dac9c4f160435cd9be23c/qh3-1.9.2-cp313-cp313t-manylinux_2_39_riscv64.whl", hash = "sha256:5a0ac732582241cdc4063cba4d67cde5b87d5dc183a2a1cabd6e032aa0cf4d6c", size = 2013884, upload-time = "2026-06-05T06:38:56.832Z" },
    { url = "https://files.pythonhosted.org/packages/b9/02/c60019c93051c4564489c70ff13791ca1d573ec834e25d90d5cc5e8dfc26/qh3-1.9.2-cp313-cp313t-musllinux_1_1_aarch64.whl", hash = "sha256:071bb169aa1ce008782c288600bdc566b64c95fa4f0cdab27086493000eaa4c0", size = 2348500, upload-time = "2026-06-05T06:38:58.878Z" },
    { url = "https://files.pythonhosted.org/packages/91/20/e39840f4b514d56494d51f912ef6bac50b62286a0f8f320e87fb7c65ce02/qh3-1.9.2-cp313-cp313t-musllinux_1_1_armv7l.whl", hash = "sha256:896aa258ef5db76861d9a59aef1abf7db9300e33513a116c7894a53dda0487e8", size = 2127127, upload-time = "2026-06-05T06:39:01.012Z" },
    { url = "https://files.pythonhosted.org/packages/c2/4b/fb3f8ae427c1f8731b5feb060f9f509b66297ed658c9fe7de38f95def62a/qh3-1.9.2-cp313-cp313t-musllinux_1_1_i686.whl", hash = "sha256:cc031d94bbcfce9d3c504d60d14e170a51e7115653aabdaf3d6b59e1bacd2c47", size = 2225110, upload-time = "2026-06-05T06:39:03.18Z" },
    { url = "https://files.pythonhosted.org/packages/29/05/468229e513468ff078adfc1f923db8653bea02af3203b5e624f86d1c3376/qh3-1.9.2-cp313-cp313t-musllinux_1_1_riscv64.whl", hash = "sha256:6f454bdf8c613a6e11b70881b830ca3c6d09151e6755e1a88932c4872ad67412", size = 2124317, upload-time = "2026-06-05T06:39:05.296Z" },
    { url = "https://files.pythonhosted.org/packages/7d/ab/88fdc69d53daed0611c9918f186d65869d18088147aed1098fec5e27230e/qh3-1.9.2-cp313-cp313t-musllinux_1_1_x86_64.whl", hash = "sha256:85e48dabe519fc30a58550c2c1e2ec152757eb84d342c76643b1f4034a1d920d", size = 2583504, upload-time = "2026-06-05T06:39:08.341Z" },
    { url = "https://files.pythonhosted.org/packages/78/f1/4709db1a09151e6e0990c8740879c7914f4789082844432428cdaead490e/qh3-1.9.2-cp313-cp313t-win32.whl", hash = "sha256:f54b1abaaed2c36a80f654b3ccde20dd34c369d692a5164cccaf7beed013643e", size = 1862603, upload-time = "2026-06-05T06:39:10.308Z" },
    { url = "https://files.pythonhosted.org/packages/ee/e4/b8d588e42de36f6fdc7c46748175ebce2bfb9810459734ade9e29000296e/qh3-1.9.2-cp313-cp313t-win_amd64.whl", hash = "sha256:6e7491d30f7282440f23be0bffc0f0119a8d7d11f874d3ea03aa7958663cf3c0", size = 2126808, upload-time = "2026-06-05T06:39:12.436Z" },
    { url = "https://files.pythonhosted.org/packages/e3/24/bbb238d90cfe2dc56f51f64c41cb8b17c6751b5978dde93b1e348338a07c/qh3-1.9.2-cp313-cp313t-win_arm64.whl", hash = "sha256:52721659dc4c2fe7e326d72d841807b5569c4eb934e699223970d9c413742d6c", size = 1963385, upload-time = "2026-06-05T06:39:14.274Z" },
    { url = "https://files.pythonhosted.org/packages/aa/95/d28c62f6d71d8e7995ba83c5b34f29936eb22ba54d593c662b4dbd4250f0/qh3-1.9.2-cp314-cp314t-macosx_10_12_x86_64.macosx_11_0_arm64.macosx_10_12_universal2.whl", hash = "sha256:e38d88f41c6855184a53a1e583d56ae5163b8b70c7e2dc273889ec303cc27585", size = 4422865, upload-time = "2026-06-05T06:39:16.172Z" },
    { url = "https://files.pythonhosted.org/packages/27/db/afa1b94b27c52a9c71706c048019517bf4646637e20df6ee8faedb4efe4e/qh3-1.9.2-cp314-cp314t-manylinux_2_17_aarch64.manylinux2014_aarch64.whl", hash = "sha256:3beebd98b08bd2fe951ae83b6e52dee3821158ab21ba05f15fbdb401bd6e19f9", size = 2161317, upload-time = "2026-06-05T06:39:18.155Z" },
    { url = "https://files.pythonhosted.org/packages/89/03/7fdcb52738b668ca81ff39f59c00008e89aacb070a1c0c13876f645d8741/qh3-1.9.2-cp314-cp314t-manylinux_2_17_armv7l.manylinux2014_armv7l.whl", hash = "sha256:6afe20084235ff3c20256c952059277b5a0f5144d63d1892d1dfb5d1b635faef", size = 1857680, upload-time = "2026-06-05T06:39:19.863Z" },
    { url = "https://files.pythonhosted.org/packages/1c/67/eed0b3a7ccc53f970f541b4d5f7106b7de540d958ba3e5bc3d96ba596100/qh3-1.9.2-cp314-cp314t-manylinux_2_17_i686.manylinux2014_i686.whl", hash = "sha256:3c8f2fdf124acef06306ee50421ee80d37dbc7dfd41ddcec2bb63f3e2508bd74", size = 2036482, upload-time = "2026-06-05T06:39:21.6Z" },
    { url = "https://files.pythonhosted.org/packages/74/a8/7d54204b209d98498ceab6b387792eee460645424ccd9ef8ba2185617140/qh3-1.9.2-cp314-cp314t-manylinux_2_17_ppc64.manylinux2014_ppc64.whl", hash = "sha256:adcb00af8c4fddbb266ae4155ec5932dcb0a27dc14d7f7a27fad6a6dce9efd5e", size = 2028009, upload-time = "2026-06-05T06:39:23.317Z" },
    { url = "https://files.pythonhosted.org/packages/bc/83/56e53113d59ceb2bfbac001a9e25045418422be7272268d25aed38a2d3d9/qh3-1.9.2-cp314-cp314t-manylinux_2_17_ppc64le.manylinux2014_ppc64le.whl", hash = "sha256:bcbf94d8ab4223873f2fc2f7a0992ee0dd557f0ab5bce1ca12314e60a1d5cd39", size = 2031815, upload-time = "2026-06-05T06:39:25.05Z" },
    { url = "https://files.pythonhosted.org/packages/fb/eb/9e4d611317e2a085873a425c99f163713bca22cd75b2cff55de681d4d97c/qh3-1.9.2-cp314-cp314t-manylinux_2_17_s390x.manylinux2014_s390x.whl", hash = "sha256:13b458a440f91d5336dd65f4a624b7eeac0ce1b2a8d02e250df32470606c6775", size = 2085154, upload-time = "2026-06-05T06:39:27.075Z" },
    { url = "https://files.pythonhosted.org/packages/9d/c9/f5ef3b3c3988e1eea4aface750f638db38f9cd6b2dd66eb4b2145e8e5315/qh3-1.9.2-cp314-cp314t-manylinux_2_17_x86_64.manylinux2014_x86_64.whl", hash = "sha256:e7b0429d9c5d892633ee822a428c840201a2ef53a16cec4d4aeb1ae08146cae9", size = 2358933, upload-time = "2026-06-05T06:39:28.979Z" },
    { url = "https://files.pythonhosted.org/packages/f0/d4/ff59fb40a6f3b22e57bb798951eb6c7230681e6f8a294290016a1e0c48e9/qh3-1.9.2-cp314-cp314t-manylinux_2_39_riscv64.whl", hash = "sha256:d4ab482b9f12abb5fc6fc67a214431037d094b38673efd6d0df5d64338dd5351", size = 2014369, upload-time = "2026-06-05T06:39:31.047Z" },
    { url = "https://files.pythonhosted.org/packages/8e/64/7f851ad7ab39fe74e8b09b3077fdbe962fd695e8df0b198c12d82a78cb4d/qh3-1.9.2-cp314-cp314t-musllinux_1_1_aarch64.whl", hash = "sha256:ab254e2289bfc949b0177aa7739ac963f54355716aee39966120ca71d7315aeb", size = 2349297, upload-time = "2026-06-05T06:39:33.108Z" },
    { url = "https://files.pythonhosted.org/packages/60/3f/a804bc785bd717c5b1424c2cdf87f9af3545e9ea90282fbb2f7244fe7c93/qh3-1.9.2-cp314-cp314t-musllinux_1_1_armv7l.whl", hash = "sha256:9a6aa7146a62c88fbc8adfa6dcae435670a8487e5f3bb00f92a29060cd630102", size = 2127631, upload-time = "2026-06-05T06:39:34.827Z" },
    { url = "https://files.pythonhosted.org/packages/ad/41/2ad8bf48baeceaf3c57fe289a764476479f8dc6439e453c6d34aa437b95c/qh3-1.9.2-cp314-cp314t-musllinux_1_1_i686.whl", hash = "sha256:2710e359d9320014a33149853cbc8c4bd9ca83181bb7a896c7704a1e429c27c4", size = 2226013, upload-time = "2026-06-05T06:39:36.633Z" },
    { url = "https://files.pythonhosted.org/packages/1f/38/be99628b8c2c8510ab33b1cf838a9003a711de3337a9e846249e0fc46916/qh3-1.9.2-cp314-cp314t-musllinux_1_1_riscv64.whl", hash = "sha256:4d136fa78171ffc094e06c25361fe00482accdb406a442ce93e8121314880659", size = 2124726, upload-time = "2026-06-05T06:39:38.57Z" },
    { url = "https://files.pythonhosted.org/packages/5a/65/745adb08a1cb5e7f091040b8ebf680a77e104465d06dfe7509cfe8f71b8e/qh3-1.9.2-cp314-cp314t-musllinux_1_1_x86_64.whl", hash = "sha256:a48cc6b4d21ef85071ef2f20ba27d7412827ff8385baa19d14b0c58e44fdbc57", size = 2584396, upload-time = "2026-06-05T06:39:41.481Z" },
    { url = "https://files.pythonhosted.org/packages/75/e6/f7a6f39191a2342c0e99f72a20c9df4fad07ec39ca1cffe942499fb24bd3/qh3-1.9.2-cp314-cp314t-win32.whl", hash = "sha256:c4dc40c1ac0f31bfc0dadeaf02578460c7456498f549bb6ae742883f90286243", size = 1862356, upload-time = "2026-06-05T06:39:43.349Z" },
    { url = "https://files.pythonhosted.org/packages/ad/5d/b7c0c07d2896a26f4558aed54db8c0f8b5f9780ae392d519fe75cb318f9b/qh3-1.9.2-cp314-cp314t-win_amd64.whl", hash = "sha256:19893cfe25a749c363e81415dcdb3b027707e71a09b0e1d4f1e3098d7e5975d3", size = 2127342, upload-time = "2026-06-05T06:39:45.356Z" },
    { url = "https://files.pythonhosted.org/packages/73/2a/cfa8adf7ad2732e10bc485269c9f2295ba6b6a442126bc5559cb62c4e3fb/qh3-1.9.2-cp314-cp314t-win_arm64.whl", hash = "sha256:75b587b26a8cdeb1c715e5d2ec08d4987be8e02bb76a6b24a4075293ade0bd3d", size = 1963637, upload-time = "2026-06-05T06:39:47.096Z" },
    { url = "https://files.pythonhosted.org/packages/e4/93/8cd573bf872dfdba6ca0cace0367f1c6450f1fc399b28e8377f9735e8217/qh3-1.9.2-cp37-abi3-macosx_10_12_x86_64.macosx_11_0_arm64.macosx_10_12_universal2.whl", hash = "sha256:aabb7c86f49c668ab5bfb297c5da18755a3ca9cf362f8ce73b86f55f43f662fc", size = 4438775, upload-time = "2026-06-05T06:39:49.072Z" },
    { url = "https://files.pythonhosted.org/packages/70/04/7464f2d5051e08d04fb1288026a556001001e1a9f14f4d7b53e5891b503d/qh3-1.9.2-cp37-abi3-manylinux_2_17_aarch64.manylinux2014_aarch64.whl", hash = "sha256:f7e632d420d88e30e4e3fc9f5457c362e964e93e91f9c90d148b68b0d4b0dc06", size = 2166706, upload-time = "2026-06-05T06:39:50.991Z" },
    { url = "https://files.pythonhosted.org/packages/4f/5e/54a51d257ff9353ea510e8ddd3071c67fa3c3b2b51bd5f549ea9ad034f48/qh3-1.9.2-cp37-abi3-manylinux_2_17_armv7l.manylinux2014_armv7l.whl", hash = "sha256:b5260ff1c42f7221fb7e92bc9c55a009341c2851f2dbb28475ddcf0a32c2226a", size = 1860460, upload-time = "2026-06-05T06:39:52.784Z" },
    { url = "https://files.pythonhosted.org/packages/cf/bc/753afd386e2ba5c06cd9ff861c674b4991696257d17004325858a9faf0bd/qh3-1.9.2-cp37-abi3-manylinux_2_17_i686.manylinux2014_i686.whl", hash = "sha256:304e81b4cf3f97610a1aceaa1aec90a97f0c700071efcc9d6a3b86da0b57539d", size = 2040358, upload-time = "2026-06-05T06:39:54.701Z" },
    { url = "https://files.pythonhosted.org/packages/4a/99/b8a9d7371b4f151a6b168c9b3462ee3c66a8f3db25c78bc26d53fff629c0/qh3-1.9.2-cp37-abi3-manylinux_2_17_ppc64.manylinux2014_ppc64.whl", hash = "sha256:aa20581d3daf8f80b62f42a10c1f69c12f3b6310f141a2e2f4259de588e570fe", size = 2035301, upload-time = "2026-06-05T06:39:56.511Z" },
    { url = "https://files.pythonhosted.org/packages/03/2a/fb12bc4f3c6ff623c76cdd9317d887d694c09433382b7425d441a041f1a5/qh3-1.9.2-cp37-abi3-manylinux_2_17_ppc64le.manylinux2014_ppc64le.whl", hash = "sha256:dd3a3d7d737644a4d24117613e89220cd5223cb1e0c8281a5a65a97ebaf1efea", size = 2038507, upload-time = "2026-06-05T06:39:58.313Z" },
    { url = "https://files.pythonhosted.org/packages/7a/f5/202cf706072672d96e5d605862780c259f0e80b95893f8679e1ce466f275/qh3-1.9.2-cp37-abi3-manylinux_2_17_s390x.manylinux2014_s390x.whl", hash = "sha256:82edac5bc2eea0881baa142d93e80469347875909acc19ce5e4236b50c465f8e", size = 2088606, upload-time = "2026-06-05T06:40:00.166Z" },
    { url = "https://files.pythonhosted.org/packages/57/f6/58b48f41024d64afd33162f91f0c757a3d3212b47512a8a53dd3078b604e/qh3-1.9.2-cp37-abi3-manylinux_2_17_x86_64.manylinux2014_x86_64.whl", hash = "sha256:2b18b9d2f892bb95f7f3d3428bb4166f974c9a2e26fcf91b33dda9b4285e7928", size = 2363544, upload-time = "2026-06-05T06:40:01.987Z" },
    { url = "https://files.pythonhosted.org/packages/7a/4d/bf7e8c9763a309a4ab16592229cb4bbd693eefdd4047e7b4c50fd97e38c8/qh3-1.9.2-cp37-abi3-manylinux_2_39_riscv64.whl", hash = "sha256:06f2a10a01b71137fef8bb7b4115f1016d6e4a7f056ce41517ff157e808bf444", size = 2017181, upload-time = "2026-06-05T06:40:03.758Z" },
    { url = "https://files.pythonhosted.org/packages/5c/7a/b3cc3733c52d18d8a38eeaf1e55909b50831b41af7ffe6ee7b71784c9b13/qh3-1.9.2-cp37-abi3-musllinux_1_1_aarch64.whl", hash = "sha256:e15519dc326315c52ab708028bf72aa9162eb3c1bd0ba130dc6d371b000639d2", size = 2355863, upload-time = "2026-06-05T06:40:05.812Z" },
    { url = "https://files.pythonhosted.org/packages/2b/88/d6f46e18d744c48ed302f58586fdb3fd80268537b592421390d362e02962/qh3-1.9.2-cp37-abi3-musllinux_1_1_armv7l.whl", hash = "sha256:7e04bf8bbbfb8a9f363fd38834aa9c52fcc0164182c72ea10cf30a3e2df066c9", size = 2130110, upload-time = "2026-06-05T06:40:07.707Z" },
    { url = "https://files.pythonhosted.org/packages/3a/c2/29096a7633e37e6b414703b37e77179dbfe7dbc732a0c932bf6b786d1d8b/qh3-1.9.2-cp37-abi3-musllinux_1_1_i686.whl", hash = "sha256:e3b0b0d17268d57b808a658db7fd7c5e62561ad6d462949d8466c92b22551067", size = 2229846, upload-time = "2026-06-05T06:40:09.543Z" },
    { url = "https://files.pythonhosted.org/packages/50/1f/7f709f0316d476a732bf17c5489dce33567db058ff3e15478d85da163d9c/qh3-1.9.2-cp37-abi3-musllinux_1_1_riscv64.whl", hash = "sha256:efe5ad0a9df71a9a5881615b0c0888767ad3a7cab05e54ba98db52d89d0b796a", size = 2127267, upload-time = "2026-06-05T06:40:11.636Z" },
    { url = "https://files.pythonhosted.org/packages/d4/03/063ab3975ef6805226de752b89a459d8affb09d2a17760b281db95cc0f07/qh3-1.9.2-cp37-abi3-musllinux_1_1_x86_64.whl", hash = "sha256:742dd7c5e2207db27d24036ca599cad056bd5e58a5ce1b43f0c424df149e17d3", size = 2588750, upload-time = "2026-06-05T06:40:13.667Z" },
    { url = "https://files.pythonhosted.org/packages/79/c7/d007929e0c78e35779fc4da4c6bce56f655e444e268702842a32cc8b2089/qh3-1.9.2-cp37-abi3-win32.whl", hash = "sha256:8d1f185a76578929b0de3dcef135c0cc21d4bff0ef00bd75127d244ba3426125", size = 1872154, upload-time = "2026-06-05T06:40:15.694Z" },
    { url = "https://files.pythonhosted.org/packages/76/56/a96b1c770e22158762823ed399bb2e2041af132c316decd43a5971a63830/qh3-1.9.2-cp37-abi3-win_amd64.whl", hash = "sha256:643e8aa05519dddaf20159d1c13c15473de7649622a1c438968ce0f0da973951", size = 2136158, upload-time = "2026-06-05T06:40:17.502Z" },
    { url = "https://files.pythonhosted.org/packages/40/2e/6c696c9139999f91ffb728eeb2781922d25a9b2e9bd7f370b3f0ac12c31d/qh3-1.9.2-cp37-abi3-win_arm64.whl", hash = "sha256:87bace13780b3c2238db1dd31deb10152203d5b360ca6515c78b853796245606", size = 1973744, upload-time = "2026-06-05T06:40:19.588Z" },
    { url = "https://files.pythonhosted.org/packages/7a/1d/79107d008665b40ac5cb34fdf3d52c7d2c65aa74aba0bd73bb63f593cb84/qh3-1.9.2-pp310-pypy310_pp73-macosx_10_12_x86_64.macosx_11_0_arm64.macosx_10_12_universal2.whl", hash = "sha256:9f358490f85f790c06275e967aa0a80f90e064cd494b1e2e7fee190000299be4", size = 4437683, upload-time = "2026-06-05T06:40:22.395Z" },
    { url = "https://files.pythonhosted.org/packages/82/74/065650b4b56c23357cab5f73e51aa8f7dd390e9ad38a525192e4d096c134/qh3-1.9.2-pp310-pypy310_pp73-manylinux_2_17_aarch64.manylinux2014_aarch64.whl", hash = "sha256:0809b09629a5f776112040445634c37ff7ad6d1bb5d6061c0485777c61726ff6", size = 2166050, upload-time = "2026-06-05T06:40:25.059Z" },
    { url = "https://files.pythonhosted.org/packages/6c/11/2ae0837e58d831a11c21a15041f3ed67f63607f043dab987b8e09845ddf0/qh3-1.9.2-pp310-pypy310_pp73-manylinux_2_17_armv7l.manylinux2014_armv7l.whl", hash = "sha256:64f676dd7292c77ec122a2b9dd491fad5a0adb7e56b7db4f7e0306ada3664e88", size = 1860395, upload-time = "2026-06-05T06:40:26.844Z" },
    { url = "https://files.pythonhosted.org/packages/1e/f6/d3f927755ae1165c6a945f88ea9da85cdc5eb5feb5eb19ade572cb6228c5/qh3-1.9.2-pp310-pypy310_pp73-manylinux_2_17_i686.manylinux2014_i686.whl", hash = "sha256:72d38eeaf6d6ae6219b5947f7273c02d681271b6549f581ff7da33d5b8e05f57", size = 2040044, upload-time = "2026-06-05T06:40:28.927Z" },
    { url = "https://files.pythonhosted.org/packages/14/4c/afc4959b3fb233d5d72ce0063c4c26c66489c4ce63bd4fa431ef9626ffc8/qh3-1.9.2-pp310-pypy310_pp73-manylinux_2_17_ppc64.manylinux2014_ppc64.whl", hash = "sha256:54749bc37813cdf85e02235feced91f4d421e5be118524b225087eb04482dbe5", size = 2034044, upload-time = "2026-06-05T06:40:30.982Z" },
    { url = "https://files.pythonhosted.org/packages/a8/74/0b10bffeb460b69f6c6629941c559038163bee391f422480cdde4f08c507/qh3-1.9.2-pp310-pypy310_pp73-manylinux_2_17_ppc64le.manylinux2014_ppc64le.whl", hash = "sha256:286df0555c823f88c6899f8d18d21f85b2d666f22e35950bcb4c7f25df1c0209", size = 2037363, upload-time = "2026-06-05T06:40:32.906Z" },
    { url = "https://files.pythonhosted.org/packages/5f/3d/a0377632cb518801cdda7c2e76505e06a2801d330e1356bcfc4f23713194/qh3-1.9.2-pp310-pypy310_pp73-manylinux_2_17_s390x.manylinux2014_s390x.whl", hash = "sha256:f67694450684bdc3751f16134ae8a6ffc113e023c8c159d537d15ef47ab752fe", size = 2087820, upload-time = "2026-06-05T06:40:34.97Z" },
    { url = "https://files.pythonhosted.org/packages/ed/69/39e96d47030475a708abccb046eb1e9185e5cfc4e1148d7e36a79eb8fd46/qh3-1.9.2-pp310-pypy310_pp73-manylinux_2_17_x86_64.manylinux2014_x86_64.whl", hash = "sha256:3da0ce784c43dba22fb24221559a10c4652f3d75e8bd0990d8e9fb27b3815b7a", size = 2362658, upload-time = "2026-06-05T06:40:38.066Z" },
    { url = "https://files.pythonhosted.org/packages/25/ef/a8ca5e3850ca045cb8e8e72d48d85c3f6c6c1c5a3b42a83347e57ccca4db/qh3-1.9.2-pp310-pypy310_pp73-musllinux_1_1_aarch64.whl", hash = "sha256:d4c66ae0fdc8d1b9e391d362d08d16553e6997556724e8106571f943597b93aa", size = 2355136, upload-time = "2026-06-05T06:40:40.288Z" },
    { url = "https://files.pythonhosted.org/packages/51/75/2d97d18dec97fff7d2adbc3b06fc4456c24cd2cc3d3253d2076679b3745b/qh3-1.9.2-pp310-pypy310_pp73-musllinux_1_1_armv7l.whl", hash = "sha256:4577bb73f6cd906778a5e7d0146a31f67c49aa08d3b33452f7081438ee739446", size = 2130356, upload-time = "2026-06-05T06:40:42.27Z" },
    { url = "https://files.pythonhosted.org/packages/2a/9e/276c72c9e97d226211761929dffdc0a72a60ee6313ae0573603541e47e02/qh3-1.9.2-pp310-pypy310_pp73-musllinux_1_1_i686.whl", hash = "sha256:77b46285a74fa49c34a51df690c8a31f3df290950b552ed382811808c1179c4e", size = 2229395, upload-time = "2026-06-05T06:40:44.349Z" },
    { url = "https://files.pythonhosted.org/packages/c2/0c/15c12233b0391ad65aeb4fe835cceed60429b9de2ca9e4f15dbb0fd4fe7f/qh3-1.9.2-pp310-pypy310_pp73-musllinux_1_1_x86_64.whl", hash = "sha256:da0a41fedc281a226e234d4cafd82dd7b6ec5b9546fa25d3fa3e3c9ba6bbacb9", size = 2588194, upload-time = "2026-06-05T06:40:46.75Z" },
    { url = "https://files.pythonhosted.org/packages/1b/53/f84d9b3507b9b609f707ab48a37b665cb84638f84254548b1fd5c6948123/qh3-1.9.2-pp310-pypy310_pp73-win_amd64.whl", hash = "sha256:8aae8ed6bff1256700abe4037b8098645587cbdd17b33d8a674d2fb615f5aef2", size = 2133546, upload-time = "2026-06-05T06:40:48.731Z" },
    { url = "https://files.pythonhosted.org/packages/ec/96/52a06a8211a23742997dc3c81473e1f0fa6045b0605dce35cda51c352758/qh3-1.9.2-pp311-pypy311_pp73-macosx_10_12_x86_64.macosx_11_0_arm64.macosx_10_12_universal2.whl", hash = "sha256:b193dfae9c24b2329ad53871a8b973239010293f60bdee76d43ce2f38d54a9bf", size = 4433993, upload-time = "2026-06-05T06:40:50.908Z" },
    { url = "https://files.pythonhosted.org/packages/b4/d4/c1c7c48a5c3e3b2e3502e0b678d3b9d26a01e14d985b87c506057c282b32/qh3-1.9.2-pp311-pypy311_pp73-manylinux_2_17_aarch64.manylinux2014_aarch64.whl", hash = "sha256:ed3b9086441bec662c507d960fe5aaeed346eaef3a57555b95ed8f3e1e44f8f2", size = 2162613, upload-time = "2026-06-05T06:40:53.121Z" },
    { url = "https://files.pythonhosted.org/packages/78/c7/f91abcab1f325f4b3265e414e9e19138a975f817bfecafe4a46e9c7de3ba/qh3-1.9.2-pp311-pypy311_pp73-manylinux_2_17_armv7l.manylinux2014_armv7l.whl", hash = "sha256:a69d017995e64df1679c25e7bf30fd134550872ba10fb4dfb078a6e514117977", size = 1858138, upload-time = "2026-06-05T06:40:55.174Z" },
    { url = "https://files.pythonhosted.org/packages/df/38/ab704e632451f2d9251ed665e206bfbae2a474eb9ed6f81d71f217c4e96a/qh3-1.9.2-pp311-pypy311_pp73-manylinux_2_17_i686.manylinux2014_i686.whl", hash = "sha256:e030701334043a9a5b1cb54ccd9392cbcb1de5f11e34ac4e90b2f940fe66b3e0", size = 2038541, upload-time = "2026-06-05T06:40:57.189Z" },
    { url = "https://files.pythonhosted.org/packages/8a/bf/1be17524bec6ca8ecec0b0822aa561890f9d8f862a3e034fcc0dc9797dfd/qh3-1.9.2-pp311-pypy311_pp73-manylinux_2_17_ppc64.manylinux2014_ppc64.whl", hash = "sha256:6f6e41bc5639fa009760ce2bcabe9aacf89dff6532dffa02fc1f94de090f1968", size = 2031619, upload-time = "2026-06-05T06:40:59.093Z" },
    { url = "https://files.pythonhosted.org/packages/2b/eb/828ba994c38eab2e91e9d8fc6b0741ad7c70d3b9d229b069495e02e42639/qh3-1.9.2-pp311-pypy311_pp73-manylinux_2_17_ppc64le.manylinux2014_ppc64le.whl", hash = "sha256:564ab86fca8b2cf9e109189ffb4c527e1fc4466f675d5709409ed0e419dda42f", size = 2034383, upload-time = "2026-06-05T06:41:00.954Z" },
    { url = "https://files.pythonhosted.org/packages/cb/9d/50888da0880749419d9d6edefa0654dec167aed87baa10f2107c0be8a14b/qh3-1.9.2-pp311-pypy311_pp73-manylinux_2_17_s390x.manylinux2014_s390x.whl", hash = "sha256:a29247ac022ac2d647bf069ffeaf879abdf0e8d6f24094296027e823473dfb34", size = 2083750, upload-time = "2026-06-05T06:41:03.325Z" },
    { url = "https://files.pythonhosted.org/packages/51/99/1d5d4c3c657763266de93296ac50ac021e6b967d4cc751d144ce3f104c68/qh3-1.9.2-pp311-pypy311_pp73-manylinux_2_17_x86_64.manylinux2014_x86_64.whl", hash = "sha256:140282ec907be1a16db9a7d59d60e94c35571463d9ba6a92401073e457a03bfa", size = 2359579, upload-time = "2026-06-05T06:41:05.859Z" },
    { url = "https://files.pythonhosted.org/packages/f3/ba/f3a34435a5d3d7bee8babecbf8487696f5ca119ee173941e70c2c99e7b4d/qh3-1.9.2-pp311-pypy311_pp73-musllinux_1_1_aarch64.whl", hash = "sha256:21c4130aa2fc31cabf6b92e3ec3d2ed641d9689ebe73f23d6a947bdd4c9cc2f1", size = 2350846, upload-time = "2026-06-05T06:41:08.198Z" },
    { url = "https://files.pythonhosted.org/packages/6d/10/dd76cbe362b6f7d3b97399eebfd6903640cb67c51a39ae5c9df1b45c3dfa/qh3-1.9.2-pp311-pypy311_pp73-musllinux_1_1_armv7l.whl", hash = "sha256:dd574406736ab11d33a2a972c9e6d5277ccd72b5adcebd3052daf2d5304d4693", size = 2127918, upload-time = "2026-06-05T06:41:10.275Z" },
    { url = "https://files.pythonhosted.org/packages/c2/00/368356c118bb15f3e7fc76de0fb87ae5d41eeb2ad8b9dc1a3528c5169dc1/qh3-1.9.2-pp311-pypy311_pp73-musllinux_1_1_i686.whl", hash = "sha256:521ee6f58d3b802a1e8259d8a9c4cc0027101f2ca6031ba0630a93cad6f16e0d", size = 2227195, upload-time = "2026-06-05T06:41:12.21Z" },
    { url = "https://files.pythonhosted.org/packages/d5/f8/5b97a46ac01653bf136c61927e7617927c4cc2530ada7eef652a3fd3b0b1/qh3-1.9.2-pp311-pypy311_pp73-musllinux_1_1_x86_64.whl", hash = "sha256:41c86993834451502a248bef2362199323a8b2ae943e1cccb415940ca514e601", size = 2585100, upload-time = "2026-06-05T06:41:14.118Z" },
    { url = "https://files.pythonhosted.org/packages/70/9c/4a2c3dd8bd16a7b9df2033be7266d550829ba74cd3172e164ae05dc1806f/qh3-1.9.2-pp311-pypy311_pp73-win_amd64.whl", hash = "sha256:6169dfc8322ff1a27179281aad7b36072dee8c8b24843766186a932f6f04d5b0", size = 2131071, upload-time = "2026-06-05T06:41:16.171Z" },
]

[[package]]
name = "uvloop"
version = "0.22.1"
source = { registry = "https://pypi.org/simple" }
sdist = { url = "https://files.pythonhosted.org/packages/06/f0/18d39dbd1971d6d62c4629cc7fa67f74821b0dc1f5a77af43719de7936a7/uvloop-0.22.1.tar.gz", hash = "sha256:6c84bae345b9147082b17371e3dd5d42775bddce91f885499017f4607fdaf39f", size = 2443250, upload-time = "2025-10-16T22:17:19.342Z" }
wheels = [
    { url = "https://files.pythonhosted.org/packages/eb/14/ecceb239b65adaaf7fde510aa8bd534075695d1e5f8dadfa32b5723d9cfb/uvloop-0.22.1-cp310-cp310-macosx_10_9_universal2.whl", hash = "sha256:ef6f0d4cc8a9fa1f6a910230cd53545d9a14479311e87e3cb225495952eb672c", size = 1343335, upload-time = "2025-10-16T22:16:11.43Z" },
    { url = "https://files.pythonhosted.org/packages/ba/ae/6f6f9af7f590b319c94532b9567409ba11f4fa71af1148cab1bf48a07048/uvloop-0.22.1-cp310-cp310-macosx_10_9_x86_64.whl", hash = "sha256:7cd375a12b71d33d46af85a3343b35d98e8116134ba404bd657b3b1d15988792", size = 742903, upload-time = "2025-10-16T22:16:12.979Z" },
    { url = "https://files.pythonhosted.org/packages/09/bd/3667151ad0702282a1f4d5d29288fce8a13c8b6858bf0978c219cd52b231/uvloop-0.22.1-cp310-cp310-manylinux2014_aarch64.manylinux_2_17_aarch64.manylinux_2_28_aarch64.whl", hash = "sha256:ac33ed96229b7790eb729702751c0e93ac5bc3bcf52ae9eccbff30da09194b86", size = 3648499, upload-time = "2025-10-16T22:16:14.451Z" },
    { url = "https://files.pythonhosted.org/packages/b3/f6/21657bb3beb5f8c57ce8be3b83f653dd7933c2fd00545ed1b092d464799a/uvloop-0.22.1-cp310-cp310-manylinux2014_x86_64.manylinux_2_17_x86_64.manylinux_2_28_x86_64.whl", hash = "sha256:481c990a7abe2c6f4fc3d98781cc9426ebd7f03a9aaa7eb03d3bfc68ac2a46bd", size = 3700133, upload-time = "2025-10-16T22:16:16.272Z" },
    { url = "https://files.pythonhosted.org/packages/09/e0/604f61d004ded805f24974c87ddd8374ef675644f476f01f1df90e4cdf72/uvloop-0.22.1-cp310-cp310-musllinux_1_2_aarch64.whl", hash = "sha256:a592b043a47ad17911add5fbd087c76716d7c9ccc1d64ec9249ceafd735f03c2", size = 3512681, upload-time = "2025-10-16T22:16:18.07Z" },
    { url = "https://files.pythonhosted.org/packages/bb/ce/8491fd370b0230deb5eac69c7aae35b3be527e25a911c0acdffb922dc1cd/uvloop-0.22.1-cp310-cp310-musllinux_1_2_x86_64.whl", hash = "sha256:1489cf791aa7b6e8c8be1c5a080bae3a672791fcb4e9e12249b05862a2ca9cec", size = 3615261, upload-time = "2025-10-16T22:16:19.596Z" },
    { url = "https://files.pythonhosted.org/packages/c7/d5/69900f7883235562f1f50d8184bb7dd84a2fb61e9ec63f3782546fdbd057/uvloop-0.22.1-cp311-cp311-macosx_10_9_universal2.whl", hash = "sha256:c60ebcd36f7b240b30788554b6f0782454826a0ed765d8430652621b5de674b9", size = 1352420, upload-time = "2025-10-16T22:16:21.187Z" },
    { url = "https://files.pythonhosted.org/packages/a8/73/c4e271b3bce59724e291465cc936c37758886a4868787da0278b3b56b905/uvloop-0.22.1-cp311-cp311-macosx_10_9_x86_64.whl", hash = "sha256:3b7f102bf3cb1995cfeaee9321105e8f5da76fdb104cdad8986f85461a1b7b77", size = 748677, upload-time = "2025-10-16T22:16:22.558Z" },
    { url = "https://files.pythonhosted.org/packages/86/94/9fb7fad2f824d25f8ecac0d70b94d0d48107ad5ece03769a9c543444f78a/uvloop-0.22.1-cp311-cp311-manylinux2014_aarch64.manylinux_2_17_aarch64.manylinux_2_28_aarch64.whl", hash = "sha256:53c85520781d84a4b8b230e24a5af5b0778efdb39142b424990ff1ef7c48ba21", size = 3753819, upload-time = "2025-10-16T22:16:23.903Z" },
    { url = "https://files.pythonhosted.org/packages/74/4f/256aca690709e9b008b7108bc85fba619a2bc37c6d80743d18abad16ee09/uvloop-0.22.1-cp311-cp311-manylinux2014_x86_64.manylinux_2_17_x86_64.manylinux_2_28_x86_64.whl", hash = "sha256:56a2d1fae65fd82197cb8c53c367310b3eabe1bbb9fb5a04d28e3e3520e4f702", size = 3804529, upload-time = "2025-10-16T22:16:25.246Z" },
    { url = "https://files.pythonhosted.org/packages/7f/74/03c05ae4737e871923d21a76fe28b6aad57f5c03b6e6bfcfa5ad616013e4/uvloop-0.22.1-cp311-cp311-musllinux_1_2_aarch64.whl", hash = "sha256:40631b049d5972c6755b06d0bfe8233b1bd9a8a6392d9d1c45c10b6f9e9b2733", size = 3621267, upload-time = "2025-10-16T22:16:26.819Z" },
    { url = "https://files.pythonhosted.org/packages/75/be/f8e590fe61d18b4a92070905497aec4c0e64ae1761498cad09023f3f4b3e/uvloop-0.22.1-cp311-cp311-musllinux_1_2_x86_64.whl", hash = "sha256:535cc37b3a04f6cd2c1ef65fa1d370c9a35b6695df735fcff5427323f2cd5473", size = 3723105, upload-time = "2025-10-16T22:16:28.252Z" },
    { url = "https://files.pythonhosted.org/packages/3d/ff/7f72e8170be527b4977b033239a83a68d5c881cc4775fca255c677f7ac5d/uvloop-0.22.1-cp312-cp312-macosx_10_13_universal2.whl", hash = "sha256:fe94b4564e865d968414598eea1a6de60adba0c040ba4ed05ac1300de402cd42", size = 1359936, upload-time = "2025-10-16T22:16:29.436Z" },
    { url = "https://files.pythonhosted.org/packages/c3/c6/e5d433f88fd54d81ef4be58b2b7b0cea13c442454a1db703a1eea0db1a59/uvloop-0.22.1-cp312-cp312-macosx_10_13_x86_64.whl", hash = "sha256:51eb9bd88391483410daad430813d982010f9c9c89512321f5b60e2cddbdddd6", size = 752769, upload-time = "2025-10-16T22:16:30.493Z" },
    { url = "https://files.pythonhosted.org/packages/24/68/a6ac446820273e71aa762fa21cdcc09861edd3536ff47c5cd3b7afb10eeb/uvloop-0.22.1-cp312-cp312-manylinux2014_aarch64.manylinux_2_17_aarch64.manylinux_2_28_aarch64.whl", hash = "sha256:700e674a166ca5778255e0e1dc4e9d79ab2acc57b9171b79e65feba7184b3370", size = 4317413, upload-time = "2025-10-16T22:16:31.644Z" },
    { url = "https://files.pythonhosted.org/packages/5f/6f/e62b4dfc7ad6518e7eff2516f680d02a0f6eb62c0c212e152ca708a0085e/uvloop-0.22.1-cp312-cp312-manylinux2014_x86_64.manylinux_2_17_x86_64.manylinux_2_28_x86_64.whl", hash = "sha256:7b5b1ac819a3f946d3b2ee07f09149578ae76066d70b44df3fa990add49a82e4", size = 4426307, upload-time = "2025-10-16T22:16:32.917Z" },
    { url = "https://files.pythonhosted.org/packages/90/60/97362554ac21e20e81bcef1150cb2a7e4ffdaf8ea1e5b2e8bf7a053caa18/uvloop-0.22.1-cp312-cp312-musllinux_1_2_aarch64.whl", hash = "sha256:e047cc068570bac9866237739607d1313b9253c3051ad84738cbb095be0537b2", size = 4131970, upload-time = "2025-10-16T22:16:34.015Z" },
    { url = "https://files.pythonhosted.org/packages/99/39/6b3f7d234ba3964c428a6e40006340f53ba37993f46ed6e111c6e9141d18/uvloop-0.22.1-cp312-cp312-musllinux_1_2_x86_64.whl", hash = "sha256:512fec6815e2dd45161054592441ef76c830eddaad55c8aa30952e6fe1ed07c0", size = 4296343, upload-time = "2025-10-16T22:16:35.149Z" },
    { url = "https://files.pythonhosted.org/packages/89/8c/182a2a593195bfd39842ea68ebc084e20c850806117213f5a299dfc513d9/uvloop-0.22.1-cp313-cp313-macosx_10_13_universal2.whl", hash = "sha256:561577354eb94200d75aca23fbde86ee11be36b00e52a4eaf8f50fb0c86b7705", size = 1358611, upload-time = "2025-10-16T22:16:36.833Z" },
    { url = "https://files.pythonhosted.org/packages/d2/14/e301ee96a6dc95224b6f1162cd3312f6d1217be3907b79173b06785f2fe7/uvloop-0.22.1-cp313-cp313-macosx_10_13_x86_64.whl", hash = "sha256:1cdf5192ab3e674ca26da2eada35b288d2fa49fdd0f357a19f0e7c4e7d5077c8", size = 751811, upload-time = "2025-10-16T22:16:38.275Z" },
    { url = "https://files.pythonhosted.org/packages/b7/02/654426ce265ac19e2980bfd9ea6590ca96a56f10c76e63801a2df01c0486/uvloop-0.22.1-cp313-cp313-manylinux2014_aarch64.manylinux_2_17_aarch64.manylinux_2_28_aarch64.whl", hash = "sha256:6e2ea3d6190a2968f4a14a23019d3b16870dd2190cd69c8180f7c632d21de68d", size = 4288562, upload-time = "2025-10-16T22:16:39.375Z" },
    { url = "https://files.pythonhosted.org/packages/15/c0/0be24758891ef825f2065cd5db8741aaddabe3e248ee6acc5e8a80f04005/uvloop-0.22.1-cp313-cp313-manylinux2014_x86_64.manylinux_2_17_x86_64.manylinux_2_28_x86_64.whl", hash = "sha256:0530a5fbad9c9e4ee3f2b33b148c6a64d47bbad8000ea63704fa8260f4cf728e", size = 4366890, upload-time = "2025-10-16T22:16:40.547Z" },
    { url = "https://files.pythonhosted.org/packages/d2/53/8369e5219a5855869bcee5f4d317f6da0e2c669aecf0ef7d371e3d084449/uvloop-0.22.1-cp313-cp313-musllinux_1_2_aarch64.whl", hash = "sha256:bc5ef13bbc10b5335792360623cc378d52d7e62c2de64660616478c32cd0598e", size = 4119472, upload-time = "2025-10-16T22:16:41.694Z" },
    { url = "https://files.pythonhosted.org/packages/f8/ba/d69adbe699b768f6b29a5eec7b47dd610bd17a69de51b251126a801369ea/uvloop-0.22.1-cp313-cp313-musllinux_1_2_x86_64.whl", hash = "sha256:1f38ec5e3f18c8a10ded09742f7fb8de0108796eb673f30ce7762ce1b8550cad", size = 4239051, upload-time = "2025-10-16T22:16:43.224Z" },
    { url = "https://files.pythonhosted.org/packages/90/cd/b62bdeaa429758aee8de8b00ac0dd26593a9de93d302bff3d21439e9791d/uvloop-0.22.1-cp314-cp314-macosx_10_13_universal2.whl", hash = "sha256:3879b88423ec7e97cd4eba2a443aa26ed4e59b45e6b76aabf13fe2f27023a142", size = 1362067, upload-time = "2025-10-16T22:16:44.503Z" },
    { url = "https://files.pythonhosted.org/packages/0d/f8/a132124dfda0777e489ca86732e85e69afcd1ff7686647000050ba670689/uvloop-0.22.1-cp314-cp314-macosx_10_13_x86_64.whl", hash = "sha256:4baa86acedf1d62115c1dc6ad1e17134476688f08c6efd8a2ab076e815665c74", size = 752423, upload-time = "2025-10-16T22:16:45.968Z" },
    { url = "https://files.pythonhosted.org/packages/a3/94/94af78c156f88da4b3a733773ad5ba0b164393e357cc4bd0ab2e2677a7d6/uvloop-0.22.1-cp314-cp314-manylinux2014_aarch64.manylinux_2_17_aarch64.manylinux_2_28_aarch64.whl", hash = "sha256:297c27d8003520596236bdb2335e6b3f649480bd09e00d1e3a99144b691d2a35", size = 4272437, upload-time = "2025-10-16T22:16:47.451Z" },
    { url = "https://files.pythonhosted.org/packages/b5/35/60249e9fd07b32c665192cec7af29e06c7cd96fa1d08b84f012a56a0b38e/uvloop-0.22.1-cp314-cp314-manylinux2014_x86_64.manylinux_2_17_x86_64.manylinux_2_28_x86_64.whl", hash = "sha256:c1955d5a1dd43198244d47664a5858082a3239766a839b2102a269aaff7a4e25", size = 4292101, upload-time = "2025-10-16T22:16:49.318Z" },
    { url = "https://files.pythonhosted.org/packages/02/62/67d382dfcb25d0a98ce73c11ed1a6fba5037a1a1d533dcbb7cab033a2636/uvloop-0.22.1-cp314-cp314-musllinux_1_2_aarch64.whl", hash = "sha256:b31dc2fccbd42adc73bc4e7cdbae4fc5086cf378979e53ca5d0301838c5682c6", size = 4114158, upload-time = "2025-10-16T22:16:50.517Z" },
    { url = "https://files.pythonhosted.org/packages/f0/7a/f1171b4a882a5d13c8b7576f348acfe6074d72eaf52cccef752f748d4a9f/uvloop-0.22.1-cp314-cp314-musllinux_1_2_x86_64.whl", hash = "sha256:93f617675b2d03af4e72a5333ef89450dfaa5321303ede6e67ba9c9d26878079", size = 4177360, upload-time = "2025-10-16T22:16:52.646Z" },
    { url = "https://files.pythonhosted.org/packages/79/7b/b01414f31546caf0919da80ad57cbfe24c56b151d12af68cee1b04922ca8/uvloop-0.22.1-cp314-cp314t-macosx_10_13_universal2.whl", hash = "sha256:37554f70528f60cad66945b885eb01f1bb514f132d92b6eeed1c90fd54ed6289", size = 1454790, upload-time = "2025-10-16T22:16:54.355Z" },
    { url = "https://files.pythonhosted.org/packages/d4/31/0bb232318dd838cad3fa8fb0c68c8b40e1145b32025581975e18b11fab40/uvloop-0.22.1-cp314-cp314t-macosx_10_13_x86_64.whl", hash = "sha256:b76324e2dc033a0b2f435f33eb88ff9913c156ef78e153fb210e03c13da746b3", size = 796783, upload-time = "2025-10-16T22:16:55.906Z" },
    { url = "https://files.pythonhosted.org/packages/42/38/c9b09f3271a7a723a5de69f8e237ab8e7803183131bc57c890db0b6bb872/uvloop-0.22.1-cp314-cp314t-manylinux2014_aarch64.manylinux_2_17_aarch64.manylinux_2_28_aarch64.whl", hash = "sha256:badb4d8e58ee08dad957002027830d5c3b06aea446a6a3744483c2b3b745345c", size = 4647548, upload-time = "2025-10-16T22:16:57.008Z" },
    { url = "https://files.pythonhosted.org/packages/c1/37/945b4ca0ac27e3dc4952642d4c900edd030b3da6c9634875af6e13ae80e5/uvloop-0.22.1-cp314-cp314t-manylinux2014_x86_64.manylinux_2_17_x86_64.manylinux_2_28_x86_64.whl", hash = "sha256:b91328c72635f6f9e0282e4a57da7470c7350ab1c9f48546c0f2866205349d21", size = 4467065, upload-time = "2025-10-16T22:16:58.206Z" },
    { url = "https://files.pythonhosted.org/packages/97/cc/48d232f33d60e2e2e0b42f4e73455b146b76ebe216487e862700457fbf3c/uvloop-0.22.1-cp314-cp314t-musllinux_1_2_aarch64.whl", hash = "sha256:daf620c2995d193449393d6c62131b3fbd40a63bf7b307a1527856ace637fe88", size = 4328384, upload-time = "2025-10-16T22:16:59.36Z" },
    { url = "https://files.pythonhosted.org/packages/e4/16/c1fd27e9549f3c4baf1dc9c20c456cd2f822dbf8de9f463824b0c0357e06/uvloop-0.22.1-cp314-cp314t-musllinux_1_2_x86_64.whl", hash = "sha256:6cde23eeda1a25c75b2e07d39970f3374105d5eafbaab2a4482be82f272d5a5e", size = 4296730, upload-time = "2025-10-16T22:17:00.744Z" },
]
